
Microsoft Visual Studio Solution File, Format Version 12.00
# Visual Studio Version 16
VisualStudioVersion = 16.0.31515.178
MinimumVisualStudioVersion = 10.0.40219.1
Project("{FAE04EC0-301F-11D3-BF4B-00C04F79EFBC}") = "Yatzhee", "Yatzhee\Yatzhee.csproj", "{96203360-80BB-4D92-9486-B1B42EF8DED8}"
EndProject
Project("{FAE04EC0-301F-11D3-BF4B-00C04F79EFBC}") = "YatzheeTest", "YatzheeTest\YatzheeTest.csproj", "{F999F673-42E6-4FED-9806-021EE58C04A5}"
EndProject
Global
	GlobalSection(SolutionConfigurationPlatforms) = preSolution
		Debug|Any CPU = Debug|Any CPU
		Release|Any CPU = Release|Any CPU
	EndGlobalSection
	GlobalSection(ProjectConfigurationPlatforms) = postSolution
		{96203360-80BB-4D92-9486-B1B42EF8DED8}.Debug|Any CPU.ActiveCfg = Debug|Any CPU
		{96203360-80BB-4D92-9486-B1B42EF8DED8}.Debug|Any CPU.Build.0 = Debug|Any CPU
		{96203360-80BB-4D92-9486-B1B42EF8DED8}.Release|Any CPU.ActiveCfg = Release|Any CPU
		{96203360-80BB-4D92-9486-B1B42EF8DED8}.Release|Any CPU.Build.0 = Release|Any CPU
		{F999F673-42E6-4FED-9806-021EE58C04A5}.Debug|Any CPU.ActiveCfg = Debug|Any CPU
		{F999F673-42E6-4FED-9806-021EE58C04A5}.Debug|Any CPU.Build.0 = Debug|Any CPU
		{F999F673-42E6-4FED-9806-021EE58C04A5}.Release|Any CPU.ActiveCfg = Release|Any CPU
		{F999F673-42E6-4FED-9806-021EE58C04A5}.Release|Any CPU.Build.0 = Release|Any CPU
	EndGlobalSection
	GlobalSection(SolutionProperties) = preSolution
		HideSolutionNode = FALSE
	EndGlobalSection
	GlobalSection(ExtensibilityGlobals) = postSolution
		SolutionGuid = {66ED5E02-13F0-4A9B-A086-FA692CABEF37}
	EndGlobalSection
EndGlobal
